
Microsoft Visual Studio Solution File, Format Version 12.00
# Visual Studio 14
VisualStudioVersion = 14.0.25420.1
MinimumVisualStudioVersion = 10.0.40219.1
Project("{2150E333-8FDC-42A3-9474-1A3956D46DE8}") = "src", "src", "{3CAD44E3-AD95-4DBF-8F58-BE36B09F01C0}"
EndProject
Project("{2150E333-8FDC-42A3-9474-1A3956D46DE8}") = "Solution Items", "Solution Items", "{362F7921-09B4-4636-B9B2-C821A51CBBC5}"
	ProjectSection(SolutionItems) = preProject
		global.json = global.json
	EndProjectSection
EndProject
Project("{8BB2217D-0F2D-49D1-97BC-3654ED321F3B}") = "PublicKeyDistributionAPI", "src\PublicKeyDistributionAPI\PublicKeyDistributionAPI.xproj", "{069B7B19-96F6-4036-94F1-0D5CC0D0BAA9}"
EndProject
Global
	GlobalSection(SolutionConfigurationPlatforms) = preSolution
		Debug|Any CPU = Debug|Any CPU
		Release|Any CPU = Release|Any CPU
	EndGlobalSection
	GlobalSection(ProjectConfigurationPlatforms) = postSolution
		{069B7B19-96F6-4036-94F1-0D5CC0D0BAA9}.Debug|Any CPU.ActiveCfg = Debug|Any CPU
		{069B7B19-96F6-4036-94F1-0D5CC0D0BAA9}.Debug|Any CPU.Build.0 = Debug|Any CPU
		{069B7B19-96F6-4036-94F1-0D5CC0D0BAA9}.Release|Any CPU.ActiveCfg = Release|Any CPU
		{069B7B19-96F6-4036-94F1-0D5CC0D0BAA9}.Release|Any CPU.Build.0 = Release|Any CPU
	EndGlobalSection
	GlobalSection(SolutionProperties) = preSolution
		HideSolutionNode = FALSE
	EndGlobalSection
	GlobalSection(NestedProjects) = preSolution
		{069B7B19-96F6-4036-94F1-0D5CC0D0BAA9} = {3CAD44E3-AD95-4DBF-8F58-BE36B09F01C0}
	EndGlobalSection
EndGlobal
